
Microsoft Visual Studio Solution File, Format Version 12.00
Project("{FAE04EC0-301F-11D3-BF4B-00C04F79EFBC}") = "MCCsharp", "MCCsharp\MCCsharp.csproj", "{330CDA06-5A5A-46C9-84E8-B96BB184F5E1}"
EndProject
Project("{FAE04EC0-301F-11D3-BF4B-00C04F79EFBC}") = "MCCsharp.TestApp", "MCCsharp.TestApp\MCCsharp.TestApp.csproj", "{B97BCE95-26FA-4F07-96B5-BA15F7AFB8B5}"
EndProject
Project("{FAE04EC0-301F-11D3-BF4B-00C04F79EFBC}") = "MCCsharp.Tests", "MCCsharp.Tests\MCCsharp.Tests.csproj", "{CA4EE177-80C7-46C7-BB10-655FE33E28FC}"
EndProject
Global
	GlobalSection(SolutionConfigurationPlatforms) = preSolution
		Debug|Any CPU = Debug|Any CPU
		Release|Any CPU = Release|Any CPU
	EndGlobalSection
	GlobalSection(ProjectConfigurationPlatforms) = postSolution
		{330CDA06-5A5A-46C9-84E8-B96BB184F5E1}.Debug|Any CPU.ActiveCfg = Debug|Any CPU
		{330CDA06-5A5A-46C9-84E8-B96BB184F5E1}.Debug|Any CPU.Build.0 = Debug|Any CPU
		{330CDA06-5A5A-46C9-84E8-B96BB184F5E1}.Release|Any CPU.ActiveCfg = Release|Any CPU
		{330CDA06-5A5A-46C9-84E8-B96BB184F5E1}.Release|Any CPU.Build.0 = Release|Any CPU
		{B97BCE95-26FA-4F07-96B5-BA15F7AFB8B5}.Debug|Any CPU.ActiveCfg = Debug|Any CPU
		{B97BCE95-26FA-4F07-96B5-BA15F7AFB8B5}.Debug|Any CPU.Build.0 = Debug|Any CPU
		{B97BCE95-26FA-4F07-96B5-BA15F7AFB8B5}.Release|Any CPU.ActiveCfg = Release|Any CPU
		{B97BCE95-26FA-4F07-96B5-BA15F7AFB8B5}.Release|Any CPU.Build.0 = Release|Any CPU
		{CA4EE177-80C7-46C7-BB10-655FE33E28FC}.Debug|Any CPU.ActiveCfg = Debug|Any CPU
		{CA4EE177-80C7-46C7-BB10-655FE33E28FC}.Debug|Any CPU.Build.0 = Debug|Any CPU
		{CA4EE177-80C7-46C7-BB10-655FE33E28FC}.Release|Any CPU.ActiveCfg = Release|Any CPU
		{CA4EE177-80C7-46C7-BB10-655FE33E28FC}.Release|Any CPU.Build.0 = Release|Any CPU
	EndGlobalSection
EndGlobal
